
Microsoft Visual Studio Solution File, Format Version 11.00
# Visual Studio 2010
Project("{FAE04EC0-301F-11D3-BF4B-00C04F79EFBC}") = "Assembly-CSharp", "Assembly-CSharp.csproj", "{09F0330D-A03F-6C66-47B0-683E00051157}"
EndProject
Project("{FAE04EC0-301F-11D3-BF4B-00C04F79EFBC}") = "Assembly-CSharp-firstpass", "Assembly-CSharp-firstpass.csproj", "{DE49700C-E618-0751-3CE4-9D2B73662BBF}"
EndProject
Project("{FAE04EC0-301F-11D3-BF4B-00C04F79EFBC}") = "Assembly-CSharp-Editor-firstpass", "Assembly-CSharp-Editor-firstpass.csproj", "{A499671E-E457-4401-9CAE-13CD8BBE1F37}"
EndProject
Project("{FAE04EC0-301F-11D3-BF4B-00C04F79EFBC}") = "Assembly-CSharp-Editor", "Assembly-CSharp-Editor.csproj", "{B9C1B1C8-FFF1-6BB0-3A36-A4A594BA7607}"
EndProject
Global
	GlobalSection(SolutionConfigurationPlatforms) = preSolution
		Debug|Any CPU = Debug|Any CPU
		Release|Any CPU = Release|Any CPU
	EndGlobalSection
	GlobalSection(ProjectConfigurationPlatforms) = postSolution
		{09F0330D-A03F-6C66-47B0-683E00051157}.Debug|Any CPU.ActiveCfg = Debug|Any CPU
		{09F0330D-A03F-6C66-47B0-683E00051157}.Debug|Any CPU.Build.0 = Debug|Any CPU
		{09F0330D-A03F-6C66-47B0-683E00051157}.Release|Any CPU.ActiveCfg = Release|Any CPU
		{09F0330D-A03F-6C66-47B0-683E00051157}.Release|Any CPU.Build.0 = Release|Any CPU
		{DE49700C-E618-0751-3CE4-9D2B73662BBF}.Debug|Any CPU.ActiveCfg = Debug|Any CPU
		{DE49700C-E618-0751-3CE4-9D2B73662BBF}.Debug|Any CPU.Build.0 = Debug|Any CPU
		{DE49700C-E618-0751-3CE4-9D2B73662BBF}.Release|Any CPU.ActiveCfg = Release|Any CPU
		{DE49700C-E618-0751-3CE4-9D2B73662BBF}.Release|Any CPU.Build.0 = Release|Any CPU
		{A499671E-E457-4401-9CAE-13CD8BBE1F37}.Debug|Any CPU.ActiveCfg = Debug|Any CPU
		{A499671E-E457-4401-9CAE-13CD8BBE1F37}.Debug|Any CPU.Build.0 = Debug|Any CPU
		{A499671E-E457-4401-9CAE-13CD8BBE1F37}.Release|Any CPU.ActiveCfg = Release|Any CPU
		{A499671E-E457-4401-9CAE-13CD8BBE1F37}.Release|Any CPU.Build.0 = Release|Any CPU
		{B9C1B1C8-FFF1-6BB0-3A36-A4A594BA7607}.Debug|Any CPU.ActiveCfg = Debug|Any CPU
		{B9C1B1C8-FFF1-6BB0-3A36-A4A594BA7607}.Debug|Any CPU.Build.0 = Debug|Any CPU
		{B9C1B1C8-FFF1-6BB0-3A36-A4A594BA7607}.Release|Any CPU.ActiveCfg = Release|Any CPU
		{B9C1B1C8-FFF1-6BB0-3A36-A4A594BA7607}.Release|Any CPU.Build.0 = Release|Any CPU
	EndGlobalSection
	GlobalSection(SolutionProperties) = preSolution
		HideSolutionNode = FALSE
	EndGlobalSection
	GlobalSection(MonoDevelopProperties) = preSolution
		StartupItem = Assembly-CSharp.csproj
	EndGlobalSection
EndGlobal
